{
    "_readme": [
        "This file locks the dependencies of your project to a known state",
        "Read more about it at https://getcomposer.org/doc/01-basic-usage.md#composer-lock-the-lock-file",
        "This file is @generated automatically"
    ],
    "hash": "5e9edb4b8188ae2f6a792762c3884d1d",
    "packages": [
        {
            "name": "magicalex/write-ini-file",
            "version": "dev-master",
            "source": {
                "type": "git",
                "url": "https://github.com/Magicalex/WriteIniFile.git",
                "reference": "211e18947caed3d2f92028d3401c564704111487"
            },
            "dist": {
                "type": "zip",
                "url": "https://api.github.com/repos/Magicalex/WriteIniFile/zipball/211e18947caed3d2f92028d3401c564704111487",
                "reference": "211e18947caed3d2f92028d3401c564704111487",
                "shasum": ""
            },
            "require": {
                "php": ">=5.4.0"
            },
            "require-dev": {
                "phpunit/phpunit": "4.7.*",
                "satooshi/php-coveralls": "0.6.*"
            },
            "type": "library",
            "autoload": {
                "psr-4": {
                    "WriteIniFile\\": "WriteIniFile"
                }
            },
            "notification-url": "https://packagist.org/downloads/",
            "license": [
                "GPL-3.0"
            ],
            "authors": [
                {
                    "name": "magicalex",
                    "email": "magicalex14000@gmail.com"
                }
            ],
            "description": "Write-ini-file php library for create, remove, erase, add, and update ini file",
            "homepage": "https://github.com/Magicalex/WriteIniFile",
            "keywords": [
                "file",
                "ini",
                "write",
                "write_ini_file"
            ],
            "time": "2015-06-18 19:07:40"
        }
    ],
    "packages-dev": [],
    "aliases": [],
    "minimum-stability": "dev",
    "stability-flags": {
        "magicalex/write-ini-file": 20
    },
    "prefer-stable": false,
    "prefer-lowest": false,
    "platform": [],
    "platform-dev": []
}
